
Microsoft Visual Studio Solution File, Format Version 12.00
# Visual Studio 15
VisualStudioVersion = 15.0.28307.1401
MinimumVisualStudioVersion = 10.0.40219.1
Project("{FAE04EC0-301F-11D3-BF4B-00C04F79EFBC}") = "WcfService1", "WcfService1\WcfService1.csproj", "{47040462-F4FC-48E4-8971-7331E4DA6310}"
EndProject
Project("{FAE04EC0-301F-11D3-BF4B-00C04F79EFBC}") = "WebApplication1-for-wcf", "WebApplication1-for-wcf\WebApplication1-for-wcf.csproj", "{057949B0-6889-4C03-97B1-C11160C3E735}"
	ProjectSection(ProjectDependencies) = postProject
		{47040462-F4FC-48E4-8971-7331E4DA6310} = {47040462-F4FC-48E4-8971-7331E4DA6310}
	EndProjectSection
EndProject
Project("{FAE04EC0-301F-11D3-BF4B-00C04F79EFBC}") = "WindowsFormsApp1", "WindowsFormsApp1\WindowsFormsApp1.csproj", "{5665B761-2CD2-40E3-B387-4274806C6C41}"
EndProject
Global
	GlobalSection(SolutionConfigurationPlatforms) = preSolution
		Debug|Any CPU = Debug|Any CPU
		Release|Any CPU = Release|Any CPU
	EndGlobalSection
	GlobalSection(ProjectConfigurationPlatforms) = postSolution
		{47040462-F4FC-48E4-8971-7331E4DA6310}.Debug|Any CPU.ActiveCfg = Debug|Any CPU
		{47040462-F4FC-48E4-8971-7331E4DA6310}.Debug|Any CPU.Build.0 = Debug|Any CPU
		{47040462-F4FC-48E4-8971-7331E4DA6310}.Release|Any CPU.ActiveCfg = Release|Any CPU
		{47040462-F4FC-48E4-8971-7331E4DA6310}.Release|Any CPU.Build.0 = Release|Any CPU
		{057949B0-6889-4C03-97B1-C11160C3E735}.Debug|Any CPU.ActiveCfg = Debug|Any CPU
		{057949B0-6889-4C03-97B1-C11160C3E735}.Debug|Any CPU.Build.0 = Debug|Any CPU
		{057949B0-6889-4C03-97B1-C11160C3E735}.Release|Any CPU.ActiveCfg = Release|Any CPU
		{057949B0-6889-4C03-97B1-C11160C3E735}.Release|Any CPU.Build.0 = Release|Any CPU
		{5665B761-2CD2-40E3-B387-4274806C6C41}.Debug|Any CPU.ActiveCfg = Debug|Any CPU
		{5665B761-2CD2-40E3-B387-4274806C6C41}.Debug|Any CPU.Build.0 = Debug|Any CPU
		{5665B761-2CD2-40E3-B387-4274806C6C41}.Release|Any CPU.ActiveCfg = Release|Any CPU
		{5665B761-2CD2-40E3-B387-4274806C6C41}.Release|Any CPU.Build.0 = Release|Any CPU
	EndGlobalSection
	GlobalSection(SolutionProperties) = preSolution
		HideSolutionNode = FALSE
	EndGlobalSection
	GlobalSection(ExtensibilityGlobals) = postSolution
		SolutionGuid = {F474F0E5-B4AD-4241-9969-9BD473C30E22}
	EndGlobalSection
EndGlobal
